
Microsoft Visual Studio Solution File, Format Version 12.00
# Visual Studio Version 16
VisualStudioVersion = 16.0.29123.88
MinimumVisualStudioVersion = 10.0.40219.1
Project("{9A19103F-16F7-4668-BE54-9A1E7A4F7556}") = "Woodrock-Animal-Rescue", "Woodrock-Animal-Rescue.csproj", "{CA5F8260-EAC9-49BA-A0C5-3E9B44051C2A}"
EndProject
Global
	GlobalSection(SolutionConfigurationPlatforms) = preSolution
		Debug|Any CPU = Debug|Any CPU
		Release|Any CPU = Release|Any CPU
	EndGlobalSection
	GlobalSection(ProjectConfigurationPlatforms) = postSolution
		{CA5F8260-EAC9-49BA-A0C5-3E9B44051C2A}.Debug|Any CPU.ActiveCfg = Debug|Any CPU
		{CA5F8260-EAC9-49BA-A0C5-3E9B44051C2A}.Debug|Any CPU.Build.0 = Debug|Any CPU
		{CA5F8260-EAC9-49BA-A0C5-3E9B44051C2A}.Release|Any CPU.ActiveCfg = Release|Any CPU
		{CA5F8260-EAC9-49BA-A0C5-3E9B44051C2A}.Release|Any CPU.Build.0 = Release|Any CPU
	EndGlobalSection
	GlobalSection(SolutionProperties) = preSolution
		HideSolutionNode = FALSE
	EndGlobalSection
	GlobalSection(ExtensibilityGlobals) = postSolution
		SolutionGuid = {C74E3E41-185F-48EF-B132-28A7A1C653FB}
	EndGlobalSection
EndGlobal
